
Microsoft Visual Studio Solution File, Format Version 12.00
# Visual Studio Version 17
VisualStudioVersion = 17.3.32901.215
MinimumVisualStudioVersion = 10.0.40219.1
Project("{FAE04EC0-301F-11D3-BF4B-00C04F79EFBC}") = "ProyectoSGAIE", "ProyectoSGAIE.csproj", "{C3762B01-8F3C-4213-8D0C-34913912633B}"
EndProject
Global
	GlobalSection(SolutionConfigurationPlatforms) = preSolution
		Debug|Any CPU = Debug|Any CPU
		Release|Any CPU = Release|Any CPU
	EndGlobalSection
	GlobalSection(ProjectConfigurationPlatforms) = postSolution
		{C3762B01-8F3C-4213-8D0C-34913912633B}.Debug|Any CPU.ActiveCfg = Debug|Any CPU
		{C3762B01-8F3C-4213-8D0C-34913912633B}.Debug|Any CPU.Build.0 = Debug|Any CPU
		{C3762B01-8F3C-4213-8D0C-34913912633B}.Release|Any CPU.ActiveCfg = Release|Any CPU
		{C3762B01-8F3C-4213-8D0C-34913912633B}.Release|Any CPU.Build.0 = Release|Any CPU
	EndGlobalSection
	GlobalSection(SolutionProperties) = preSolution
		HideSolutionNode = FALSE
	EndGlobalSection
	GlobalSection(ExtensibilityGlobals) = postSolution
		SolutionGuid = {206D6529-2E8B-40CF-B7DC-3D66F21266CB}
	EndGlobalSection
EndGlobal
